
Microsoft Visual Studio Solution File, Format Version 12.00
# Visual Studio 15
VisualStudioVersion = 15.0.27703.2047
MinimumVisualStudioVersion = 10.0.40219.1
Project("{FAE04EC0-301F-11D3-BF4B-00C04F79EFBC}") = "summing", "summing\summing.csproj", "{7010C791-2136-4C2F-BCA7-1D7425E0E844}"
EndProject
Global
	GlobalSection(SolutionConfigurationPlatforms) = preSolution
		Debug|Any CPU = Debug|Any CPU
		Release|Any CPU = Release|Any CPU
	EndGlobalSection
	GlobalSection(ProjectConfigurationPlatforms) = postSolution
		{7010C791-2136-4C2F-BCA7-1D7425E0E844}.Debug|Any CPU.ActiveCfg = Debug|Any CPU
		{7010C791-2136-4C2F-BCA7-1D7425E0E844}.Debug|Any CPU.Build.0 = Debug|Any CPU
		{7010C791-2136-4C2F-BCA7-1D7425E0E844}.Release|Any CPU.ActiveCfg = Release|Any CPU
		{7010C791-2136-4C2F-BCA7-1D7425E0E844}.Release|Any CPU.Build.0 = Release|Any CPU
	EndGlobalSection
	GlobalSection(SolutionProperties) = preSolution
		HideSolutionNode = FALSE
	EndGlobalSection
	GlobalSection(ExtensibilityGlobals) = postSolution
		SolutionGuid = {57E6EDCC-2C03-456F-83FA-D7AC5FCAC3AA}
	EndGlobalSection
EndGlobal
